// !$*UTF8*$!
{
	archiveVersion = 1;
	classes = {
	};
	objectVersion = 50;
	objects = {

/* Begin PBXBuildFile section */
		764938342649936C00BD70FE /* MusicByLocationApp.swift in Sources */ = {isa = PBXBuildFile; fileRef = 764938332649936C00BD70FE /* MusicByLocationApp.swift */; };
		764938362649936C00BD70FE /* ContentView.swift in Sources */ = {isa = PBXBuildFile; fileRef = 764938352649936C00BD70FE /* ContentView.swift */; };
		764938382649936D00BD70FE /* Assets.xcassets in Resources */ = {isa = PBXBuildFile; fileRef = 764938372649936D00BD70FE /* Assets.xcassets */; };
		7649383B2649936D00BD70FE /* Preview Assets.xcassets in Resources */ = {isa = PBXBuildFile; fileRef = 7649383A2649936D00BD70FE /* Preview Assets.xcassets */; };
		764938462649936D00BD70FE /* MusicByLocationTests.swift in Sources */ = {isa = PBXBuildFile; fileRef = 764938452649936D00BD70FE /* MusicByLocationTests.swift */; };
		764938512649936D00BD70FE /* MusicByLocationUITests.swift in Sources */ = {isa = PBXBuildFile; fileRef = 764938502649936D00BD70FE /* MusicByLocationUITests.swift */; };
		764938632649947900BD70FE /* LocationHandler.swift in Sources */ = {isa = PBXBuildFile; fileRef = 764938622649947900BD70FE /* LocationHandler.swift */; };
		7649386F2649A0B600BD70FE /* UserLocation.swift in Sources */ = {isa = PBXBuildFile; fileRef = 7649386E2649A0B600BD70FE /* UserLocation.swift */; };
		76A2B5292649CBFB0093037B /* LoaderView.swift in Sources */ = {isa = PBXBuildFile; fileRef = 76A2B5282649CBFB0093037B /* LoaderView.swift */; };
		76A2B52E2649CC170093037B /* ArtistRowView.swift in Sources */ = {isa = PBXBuildFile; fileRef = 76A2B52D2649CC170093037B /* ArtistRowView.swift */; };
		76A2B5362649CE560093037B /* LocationView.swift in Sources */ = {isa = PBXBuildFile; fileRef = 76A2B5352649CE560093037B /* LocationView.swift */; };
		76B886F22649BB2200A514EC /* ITunesAdaptor.swift in Sources */ = {isa = PBXBuildFile; fileRef = 76B886F12649BB2200A514EC /* ITunesAdaptor.swift */; };
		76EE11972649AA2F00E81913 /* StateController.swift in Sources */ = {isa = PBXBuildFile; fileRef = 76EE11962649AA2F00E81913 /* StateController.swift */; };
		76EE119F2649AE4500E81913 /* ArtistResponse.swift in Sources */ = {isa = PBXBuildFile; fileRef = 76EE119E2649AE4500E81913 /* ArtistResponse.swift */; };
		76EE11A42649AE5C00E81913 /* Artist.swift in Sources */ = {isa = PBXBuildFile; fileRef = 76EE11A32649AE5C00E81913 /* Artist.swift */; };
/* End PBXBuildFile section */

/* Begin PBXContainerItemProxy section */
		764938422649936D00BD70FE /* PBXContainerItemProxy */ = {
			isa = PBXContainerItemProxy;
			containerPortal = 764938282649936C00BD70FE /* Project object */;
			proxyType = 1;
			remoteGlobalIDString = 7649382F2649936C00BD70FE;
			remoteInfo = MusicByLocation;
		};
		7649384D2649936D00BD70FE /* PBXContainerItemProxy */ = {
			isa = PBXContainerItemProxy;
			containerPortal = 764938282649936C00BD70FE /* Project object */;
			proxyType = 1;
			remoteGlobalIDString = 7649382F2649936C00BD70FE;
			remoteInfo = MusicByLocation;
		};
/* End PBXContainerItemProxy section */

/* Begin PBXFileReference section */
		764938302649936C00BD70FE /* MusicByLocation.app */ = {isa = PBXFileReference; explicitFileType = wrapper.application; includeInIndex = 0; path = MusicByLocation.app; sourceTree = BUILT_PRODUCTS_DIR; };
		764938332649936C00BD70FE /* MusicByLocationApp.swift */ = {isa = PBXFileReference; lastKnownFileType = sourcecode.swift; path = MusicByLocationApp.swift; sourceTree = "<group>"; };
		764938352649936C00BD70FE /* ContentView.swift */ = {isa = PBXFileReference; lastKnownFileType = sourcecode.swift; path = ContentView.swift; sourceTree = "<group>"; };
		764938372649936D00BD70FE /* Assets.xcassets */ = {isa = PBXFileReference; lastKnownFileType = folder.assetcatalog; path = Assets.xcassets; sourceTree = "<group>"; };
		7649383A2649936D00BD70FE /* Preview Assets.xcassets */ = {isa = PBXFileReference; lastKnownFileType = folder.assetcatalog; path = "Preview Assets.xcassets"; sourceTree = "<group>"; };
		7649383C2649936D00BD70FE /* Info.plist */ = {isa = PBXFileReference; lastKnownFileType = text.plist.xml; path = Info.plist; sourceTree = "<group>"; };
		764938412649936D00BD70FE /* MusicByLocationTests.xctest */ = {isa = PBXFileReference; explicitFileType = wrapper.cfbundle; includeInIndex = 0; path = MusicByLocationTests.xctest; sourceTree = BUILT_PRODUCTS_DIR; };
		764938452649936D00BD70FE /* MusicByLocationTests.swift */ = {isa = PBXFileReference; lastKnownFileType = sourcecode.swift; path = MusicByLocationTests.swift; sourceTree = "<group>"; };
		764938472649936D00BD70FE /* Info.plist */ = {isa = PBXFileReference; lastKnownFileType = text.plist.xml; path = Info.plist; sourceTree = "<group>"; };
		7649384C2649936D00BD70FE /* MusicByLocationUITests.xctest */ = {isa = PBXFileReference; explicitFileType = wrapper.cfbundle; includeInIndex = 0; path = MusicByLocationUITests.xctest; sourceTree = BUILT_PRODUCTS_DIR; };
		764938502649936D00BD70FE /* MusicByLocationUITests.swift */ = {isa = PBXFileReference; lastKnownFileType = sourcecode.swift; path = MusicByLocationUITests.swift; sourceTree = "<group>"; };
		764938522649936D00BD70FE /* Info.plist */ = {isa = PBXFileReference; lastKnownFileType = text.plist.xml; path = Info.plist; sourceTree = "<group>"; };
		764938622649947900BD70FE /* LocationHandler.swift */ = {isa = PBXFileReference; lastKnownFileType = sourcecode.swift; path = LocationHandler.swift; sourceTree = "<group>"; };
		7649386E2649A0B600BD70FE /* UserLocation.swift */ = {isa = PBXFileReference; lastKnownFileType = sourcecode.swift; path = UserLocation.swift; sourceTree = "<group>"; };
		76A2B5282649CBFB0093037B /* LoaderView.swift */ = {isa = PBXFileReference; lastKnownFileType = sourcecode.swift; path = LoaderView.swift; sourceTree = "<group>"; };
		76A2B52D2649CC170093037B /* ArtistRowView.swift */ = {isa = PBXFileReference; lastKnownFileType = sourcecode.swift; path = ArtistRowView.swift; sourceTree = "<group>"; };
		76A2B5352649CE560093037B /* LocationView.swift */ = {isa = PBXFileReference; lastKnownFileType = sourcecode.swift; path = LocationView.swift; sourceTree = "<group>"; };
		76B886F12649BB2200A514EC /* ITunesAdaptor.swift */ = {isa = PBXFileReference; lastKnownFileType = sourcecode.swift; path = ITunesAdaptor.swift; sourceTree = "<group>"; };
		76EE11962649AA2F00E81913 /* StateController.swift */ = {isa = PBXFileReference; lastKnownFileType = sourcecode.swift; path = StateController.swift; sourceTree = "<group>"; };
		76EE119E2649AE4500E81913 /* ArtistResponse.swift */ = {isa = PBXFileReference; lastKnownFileType = sourcecode.swift; path = ArtistResponse.swift; sourceTree = "<group>"; };
		76EE11A32649AE5C00E81913 /* Artist.swift */ = {isa = PBXFileReference; lastKnownFileType = sourcecode.swift; path = Artist.swift; sourceTree = "<group>"; };
/* End PBXFileReference section */

/* Begin PBXFrameworksBuildPhase section */
		7649382D2649936C00BD70FE /* Frameworks */ = {
			isa = PBXFrameworksBuildPhase;
			buildActionMask = 2147483647;
			files = (
			);
			runOnlyForDeploymentPostprocessing = 0;
		};
		7649383E2649936D00BD70FE /* Frameworks */ = {
			isa = PBXFrameworksBuildPhase;
			buildActionMask = 2147483647;
			files = (
			);
			runOnlyForDeploymentPostprocessing = 0;
		};
		764938492649936D00BD70FE /* Frameworks */ = {
			isa = PBXFrameworksBuildPhase;
			buildActionMask = 2147483647;
			files = (
			);
			runOnlyForDeploymentPostprocessing = 0;
		};
/* End PBXFrameworksBuildPhase section */

/* Begin PBXGroup section */
		764938272649936C00BD70FE = {
			isa = PBXGroup;
			children = (
				764938322649936C00BD70FE /* MusicByLocation */,
				764938442649936D00BD70FE /* MusicByLocationTests */,
				7649384F2649936D00BD70FE /* MusicByLocationUITests */,
				764938312649936C00BD70FE /* Products */,
			);
			sourceTree = "<group>";
		};
		764938312649936C00BD70FE /* Products */ = {
			isa = PBXGroup;
			children = (
				764938302649936C00BD70FE /* MusicByLocation.app */,
				764938412649936D00BD70FE /* MusicByLocationTests.xctest */,
				7649384C2649936D00BD70FE /* MusicByLocationUITests.xctest */,
			);
			name = Products;
			sourceTree = "<group>";
		};
		764938322649936C00BD70FE /* MusicByLocation */ = {
			isa = PBXGroup;
			children = (
				764938332649936C00BD70FE /* MusicByLocationApp.swift */,
				7649386D2649A0A100BD70FE /* Models */,
				764938612649946F00BD70FE /* Views */,
				764938622649947900BD70FE /* LocationHandler.swift */,
				76B886F12649BB2200A514EC /* ITunesAdaptor.swift */,
				76EE11962649AA2F00E81913 /* StateController.swift */,
				764938372649936D00BD70FE /* Assets.xcassets */,
				7649383C2649936D00BD70FE /* Info.plist */,
				764938392649936D00BD70FE /* Preview Content */,
			);
			path = MusicByLocation;
			sourceTree = "<group>";
		};
		764938392649936D00BD70FE /* Preview Content */ = {
			isa = PBXGroup;
			children = (
				7649383A2649936D00BD70FE /* Preview Assets.xcassets */,
			);
			path = "Preview Content";
			sourceTree = "<group>";
		};
		764938442649936D00BD70FE /* MusicByLocationTests */ = {
			isa = PBXGroup;
			children = (
				764938452649936D00BD70FE /* MusicByLocationTests.swift */,
				764938472649936D00BD70FE /* Info.plist */,
			);
			path = MusicByLocationTests;
			sourceTree = "<group>";
		};
		7649384F2649936D00BD70FE /* MusicByLocationUITests */ = {
			isa = PBXGroup;
			children = (
				764938502649936D00BD70FE /* MusicByLocationUITests.swift */,
				764938522649936D00BD70FE /* Info.plist */,
			);
			path = MusicByLocationUITests;
			sourceTree = "<group>";
		};
		764938612649946F00BD70FE /* Views */ = {
			isa = PBXGroup;
			children = (
				764938352649936C00BD70FE /* ContentView.swift */,
				76A2B5282649CBFB0093037B /* LoaderView.swift */,
				76A2B52D2649CC170093037B /* ArtistRowView.swift */,
				76A2B5352649CE560093037B /* LocationView.swift */,
			);
			path = Views;
			sourceTree = "<group>";
		};
		7649386D2649A0A100BD70FE /* Models */ = {
			isa = PBXGroup;
			children = (
				7649386E2649A0B600BD70FE /* UserLocation.swift */,
				76EE119E2649AE4500E81913 /* ArtistResponse.swift */,
				76EE11A32649AE5C00E81913 /* Artist.swift */,
			);
			path = Models;
			sourceTree = "<group>";
		};
/* End PBXGroup section */

/* Begin PBXNativeTarget section */
		7649382F2649936C00BD70FE /* MusicByLocation */ = {
			isa = PBXNativeTarget;
			buildConfigurationList = 764938552649936D00BD70FE /* Build configuration list for PBXNativeTarget "MusicByLocation" */;
			buildPhases = (
				7649382C2649936C00BD70FE /* Sources */,
				7649382D2649936C00BD70FE /* Frameworks */,
				7649382E2649936C00BD70FE /* Resources */,
			);
			buildRules = (
			);
			dependencies = (
			);
			name = MusicByLocation;
			productName = MusicByLocation;
			productReference = 764938302649936C00BD70FE /* MusicByLocation.app */;
			productType = "com.apple.product-type.application";
		};
		764938402649936D00BD70FE /* MusicByLocationTests */ = {
			isa = PBXNativeTarget;
			buildConfigurationList = 764938582649936D00BD70FE /* Build configuration list for PBXNativeTarget "MusicByLocationTests" */;
			buildPhases = (
				7649383D2649936D00BD70FE /* Sources */,
				7649383E2649936D00BD70FE /* Frameworks */,
				7649383F2649936D00BD70FE /* Resources */,
			);
			buildRules = (
			);
			dependencies = (
				764938432649936D00BD70FE /* PBXTargetDependency */,
			);
			name = MusicByLocationTests;
			productName = MusicByLocationTests;
			productReference = 764938412649936D00BD70FE /* MusicByLocationTests.xctest */;
			productType = "com.apple.product-type.bundle.unit-test";
		};
		7649384B2649936D00BD70FE /* MusicByLocationUITests */ = {
			isa = PBXNativeTarget;
			buildConfigurationList = 7649385B2649936D00BD70FE /* Build configuration list for PBXNativeTarget "MusicByLocationUITests" */;
			buildPhases = (
				764938482649936D00BD70FE /* Sources */,
				764938492649936D00BD70FE /* Frameworks */,
				7649384A2649936D00BD70FE /* Resources */,
			);
			buildRules = (
			);
			dependencies = (
				7649384E2649936D00BD70FE /* PBXTargetDependency */,
			);
			name = MusicByLocationUITests;
			productName = MusicByLocationUITests;
			productReference = 7649384C2649936D00BD70FE /* MusicByLocationUITests.xctest */;
			productType = "com.apple.product-type.bundle.ui-testing";
		};
/* End PBXNativeTarget section */

/* Begin PBXProject section */
		764938282649936C00BD70FE /* Project object */ = {
			isa = PBXProject;
			attributes = {
				LastSwiftUpdateCheck = 1240;
				LastUpgradeCheck = 1240;
				TargetAttributes = {
					7649382F2649936C00BD70FE = {
						CreatedOnToolsVersion = 12.4;
					};
					764938402649936D00BD70FE = {
						CreatedOnToolsVersion = 12.4;
						TestTargetID = 7649382F2649936C00BD70FE;
					};
					7649384B2649936D00BD70FE = {
						CreatedOnToolsVersion = 12.4;
						TestTargetID = 7649382F2649936C00BD70FE;
					};
				};
			};
			buildConfigurationList = 7649382B2649936C00BD70FE /* Build configuration list for PBXProject "MusicByLocation" */;
			compatibilityVersion = "Xcode 9.3";
			developmentRegion = en;
			hasScannedForEncodings = 0;
			knownRegions = (
				en,
				Base,
			);
			mainGroup = 764938272649936C00BD70FE;
			productRefGroup = 764938312649936C00BD70FE /* Products */;
			projectDirPath = "";
			projectRoot = "";
			targets = (
				7649382F2649936C00BD70FE /* MusicByLocation */,
				764938402649936D00BD70FE /* MusicByLocationTests */,
				7649384B2649936D00BD70FE /* MusicByLocationUITests */,
			);
		};
/* End PBXProject section */

/* Begin PBXResourcesBuildPhase section */
		7649382E2649936C00BD70FE /* Resources */ = {
			isa = PBXResourcesBuildPhase;
			buildActionMask = 2147483647;
			files = (
				7649383B2649936D00BD70FE /* Preview Assets.xcassets in Resources */,
				764938382649936D00BD70FE /* Assets.xcassets in Resources */,
			);
			runOnlyForDeploymentPostprocessing = 0;
		};
		7649383F2649936D00BD70FE /* Resources */ = {
			isa = PBXResourcesBuildPhase;
			buildActionMask = 2147483647;
			files = (
			);
			runOnlyForDeploymentPostprocessing = 0;
		};
		7649384A2649936D00BD70FE /* Resources */ = {
			isa = PBXResourcesBuildPhase;
			buildActionMask = 2147483647;
			files = (
			);
			runOnlyForDeploymentPostprocessing = 0;
		};
/* End PBXResourcesBuildPhase section */

/* Begin PBXSourcesBuildPhase section */
		7649382C2649936C00BD70FE /* Sources */ = {
			isa = PBXSourcesBuildPhase;
			buildActionMask = 2147483647;
			files = (
				764938632649947900BD70FE /* LocationHandler.swift in Sources */,
				76A2B5362649CE560093037B /* LocationView.swift in Sources */,
				76EE11972649AA2F00E81913 /* StateController.swift in Sources */,
				7649386F2649A0B600BD70FE /* UserLocation.swift in Sources */,
				764938362649936C00BD70FE /* ContentView.swift in Sources */,
				764938342649936C00BD70FE /* MusicByLocationApp.swift in Sources */,
				76EE119F2649AE4500E81913 /* ArtistResponse.swift in Sources */,
				76EE11A42649AE5C00E81913 /* Artist.swift in Sources */,
				76A2B5292649CBFB0093037B /* LoaderView.swift in Sources */,
				76B886F22649BB2200A514EC /* ITunesAdaptor.swift in Sources */,
				76A2B52E2649CC170093037B /* ArtistRowView.swift in Sources */,
			);
			runOnlyForDeploymentPostprocessing = 0;
		};
		7649383D2649936D00BD70FE /* Sources */ = {
			isa = PBXSourcesBuildPhase;
			buildActionMask = 2147483647;
			files = (
				764938462649936D00BD70FE /* MusicByLocationTests.swift in Sources */,
			);
			runOnlyForDeploymentPostprocessing = 0;
		};
		764938482649936D00BD70FE /* Sources */ = {
			isa = PBXSourcesBuildPhase;
			buildActionMask = 2147483647;
			files = (
				764938512649936D00BD70FE /* MusicByLocationUITests.swift in Sources */,
			);
			runOnlyForDeploymentPostprocessing = 0;
		};
/* End PBXSourcesBuildPhase section */

/* Begin PBXTargetDependency section */
		764938432649936D00BD70FE /* PBXTargetDependency */ = {
			isa = PBXTargetDependency;
			target = 7649382F2649936C00BD70FE /* MusicByLocation */;
			targetProxy = 764938422649936D00BD70FE /* PBXContainerItemProxy */;
		};
		7649384E2649936D00BD70FE /* PBXTargetDependency */ = {
			isa = PBXTargetDependency;
			target = 7649382F2649936C00BD70FE /* MusicByLocation */;
			targetProxy = 7649384D2649936D00BD70FE /* PBXContainerItemProxy */;
		};
/* End PBXTargetDependency section */

/* Begin XCBuildConfiguration section */
		764938532649936D00BD70FE /* Debug */ = {
			isa = XCBuildConfiguration;
			buildSettings = {
				ALWAYS_SEARCH_USER_PATHS = NO;
				CLANG_ANALYZER_NONNULL = YES;
				CLANG_ANALYZER_NUMBER_OBJECT_CONVERSION = YES_AGGRESSIVE;
				CLANG_CXX_LANGUAGE_STANDARD = "gnu++14";
				CLANG_CXX_LIBRARY = "libc++";
				CLANG_ENABLE_MODULES = YES;
				CLANG_ENABLE_OBJC_ARC = YES;
				CLANG_ENABLE_OBJC_WEAK = YES;
				CLANG_WARN_BLOCK_CAPTURE_AUTORELEASING = YES;
				CLANG_WARN_BOOL_CONVERSION = YES;
				CLANG_WARN_COMMA = YES;
				CLANG_WARN_CONSTANT_CONVERSION = YES;
				CLANG_WARN_DEPRECATED_OBJC_IMPLEMENTATIONS = YES;
				CLANG_WARN_DIRECT_OBJC_ISA_USAGE = YES_ERROR;
				CLANG_WARN_DOCUMENTATION_COMMENTS = YES;
				CLANG_WARN_EMPTY_BODY = YES;
				CLANG_WARN_ENUM_CONVERSION = YES;
				CLANG_WARN_INFINITE_RECURSION = YES;
				CLANG_WARN_INT_CONVERSION = YES;
				CLANG_WARN_NON_LITERAL_NULL_CONVERSION = YES;
				CLANG_WARN_OBJC_IMPLICIT_RETAIN_SELF = YES;
				CLANG_WARN_OBJC_LITERAL_CONVERSION = YES;
				CLANG_WARN_OBJC_ROOT_CLASS = YES_ERROR;
				CLANG_WARN_QUOTED_INCLUDE_IN_FRAMEWORK_HEADER = YES;
				CLANG_WARN_RANGE_LOOP_ANALYSIS = YES;
				CLANG_WARN_STRICT_PROTOTYPES = YES;
				CLANG_WARN_SUSPICIOUS_MOVE = YES;
				CLANG_WARN_UNGUARDED_AVAILABILITY = YES_AGGRESSIVE;
				CLANG_WARN_UNREACHABLE_CODE = YES;
				CLANG_WARN__DUPLICATE_METHOD_MATCH = YES;
				COPY_PHASE_STRIP = NO;
				DEBUG_INFORMATION_FORMAT = dwarf;
				ENABLE_STRICT_OBJC_MSGSEND = YES;
				ENABLE_TESTABILITY = YES;
				GCC_C_LANGUAGE_STANDARD = gnu11;
				GCC_DYNAMIC_NO_PIC = NO;
				GCC_NO_COMMON_BLOCKS = YES;
				GCC_OPTIMIZATION_LEVEL = 0;
				GCC_PREPROCESSOR_DEFINITIONS = (
					"DEBUG=1",
					"$(inherited)",
				);
				GCC_WARN_64_TO_32_BIT_CONVERSION = YES;
				GCC_WARN_ABOUT_RETURN_TYPE = YES_ERROR;
				GCC_WARN_UNDECLARED_SELECTOR = YES;
				GCC_WARN_UNINITIALIZED_AUTOS = YES_AGGRESSIVE;
				GCC_WARN_UNUSED_FUNCTION = YES;
				GCC_WARN_UNUSED_VARIABLE = YES;
				IPHONEOS_DEPLOYMENT_TARGET = 14.4;
				MTL_ENABLE_DEBUG_INFO = INCLUDE_SOURCE;
				MTL_FAST_MATH = YES;
				ONLY_ACTIVE_ARCH = YES;
				SDKROOT = iphoneos;
				SWIFT_ACTIVE_COMPILATION_CONDITIONS = DEBUG;
				SWIFT_OPTIMIZATION_LEVEL = "-Onone";
			};
			name = Debug;
		};
		764938542649936D00BD70FE /* Release */ = {
			isa = XCBuildConfiguration;
			buildSettings = {
				ALWAYS_SEARCH_USER_PATHS = NO;
				CLANG_ANALYZER_NONNULL = YES;
				CLANG_ANALYZER_NUMBER_OBJECT_CONVERSION = YES_AGGRESSIVE;
				CLANG_CXX_LANGUAGE_STANDARD = "gnu++14";
				CLANG_CXX_LIBRARY = "libc++";
				CLANG_ENABLE_MODULES = YES;
				CLANG_ENABLE_OBJC_ARC = YES;
				CLANG_ENABLE_OBJC_WEAK = YES;
				CLANG_WARN_BLOCK_CAPTURE_AUTORELEASING = YES;
				CLANG_WARN_BOOL_CONVERSION = YES;
				CLANG_WARN_COMMA = YES;
				CLANG_WARN_CONSTANT_CONVERSION = YES;
				CLANG_WARN_DEPRECATED_OBJC_IMPLEMENTATIONS = YES;
				CLANG_WARN_DIRECT_OBJC_ISA_USAGE = YES_ERROR;
				CLANG_WARN_DOCUMENTATION_COMMENTS = YES;
				CLANG_WARN_EMPTY_BODY = YES;
				CLANG_WARN_ENUM_CONVERSION = YES;
				CLANG_WARN_INFINITE_RECURSION = YES;
				CLANG_WARN_INT_CONVERSION = YES;
				CLANG_WARN_NON_LITERAL_NULL_CONVERSION = YES;
				CLANG_WARN_OBJC_IMPLICIT_RETAIN_SELF = YES;
				CLANG_WARN_OBJC_LITERAL_CONVERSION = YES;
				CLANG_WARN_OBJC_ROOT_CLASS = YES_ERROR;
				CLANG_WARN_QUOTED_INCLUDE_IN_FRAMEWORK_HEADER = YES;
				CLANG_WARN_RANGE_LOOP_ANALYSIS = YES;
				CLANG_WARN_STRICT_PROTOTYPES = YES;
				CLANG_WARN_SUSPICIOUS_MOVE = YES;
				CLANG_WARN_UNGUARDED_AVAILABILITY = YES_AGGRESSIVE;
				CLANG_WARN_UNREACHABLE_CODE = YES;
				CLANG_WARN__DUPLICATE_METHOD_MATCH = YES;
				COPY_PHASE_STRIP = NO;
				DEBUG_INFORMATION_FORMAT = "dwarf-with-dsym";
				ENABLE_NS_ASSERTIONS = NO;
				ENABLE_STRICT_OBJC_MSGSEND = YES;
				GCC_C_LANGUAGE_STANDARD = gnu11;
				GCC_NO_COMMON_BLOCKS = YES;
				GCC_WARN_64_TO_32_BIT_CONVERSION = YES;
				GCC_WARN_ABOUT_RETURN_TYPE = YES_ERROR;
				GCC_WARN_UNDECLARED_SELECTOR = YES;
				GCC_WARN_UNINITIALIZED_AUTOS = YES_AGGRESSIVE;
				GCC_WARN_UNUSED_FUNCTION = YES;
				GCC_WARN_UNUSED_VARIABLE = YES;
				IPHONEOS_DEPLOYMENT_TARGET = 14.4;
				MTL_ENABLE_DEBUG_INFO = NO;
				MTL_FAST_MATH = YES;
				SDKROOT = iphoneos;
				SWIFT_COMPILATION_MODE = wholemodule;
				SWIFT_OPTIMIZATION_LEVEL = "-O";
				VALIDATE_PRODUCT = YES;
			};
			name = Release;
		};
		764938562649936D00BD70FE /* Debug */ = {
			isa = XCBuildConfiguration;
			buildSettings = {
				ASSETCATALOG_COMPILER_APPICON_NAME = AppIcon;
				ASSETCATALOG_COMPILER_GLOBAL_ACCENT_COLOR_NAME = AccentColor;
				CODE_SIGN_STYLE = Automatic;
				DEVELOPMENT_ASSET_PATHS = "\"MusicByLocation/Preview Content\"";
				ENABLE_PREVIEWS = YES;
				INFOPLIST_FILE = MusicByLocation/Info.plist;
				IPHONEOS_DEPLOYMENT_TARGET = 14.0;
				LD_RUNPATH_SEARCH_PATHS = (
					"$(inherited)",
					"@executable_path/Frameworks",
				);
				PRODUCT_BUNDLE_IDENTIFIER = com.maxkrefting.MusicByLocation;
				PRODUCT_NAME = "$(TARGET_NAME)";
				SWIFT_VERSION = 5.0;
				TARGETED_DEVICE_FAMILY = "1,2";
			};
			name = Debug;
		};
		764938572649936D00BD70FE /* Release */ = {
			isa = XCBuildConfiguration;
			buildSettings = {
				ASSETCATALOG_COMPILER_APPICON_NAME = AppIcon;
				ASSETCATALOG_COMPILER_GLOBAL_ACCENT_COLOR_NAME = AccentColor;
				CODE_SIGN_STYLE = Automatic;
				DEVELOPMENT_ASSET_PATHS = "\"MusicByLocation/Preview Content\"";
				ENABLE_PREVIEWS = YES;
				INFOPLIST_FILE = MusicByLocation/Info.plist;
				IPHONEOS_DEPLOYMENT_TARGET = 14.0;
				LD_RUNPATH_SEARCH_PATHS = (
					"$(inherited)",
					"@executable_path/Frameworks",
				);
				PRODUCT_BUNDLE_IDENTIFIER = com.maxkrefting.MusicByLocation;
				PRODUCT_NAME = "$(TARGET_NAME)";
				SWIFT_VERSION = 5.0;
				TARGETED_DEVICE_FAMILY = "1,2";
			};
			name = Release;
		};
		764938592649936D00BD70FE /* Debug */ = {
			isa = XCBuildConfiguration;
			buildSettings = {
				ALWAYS_EMBED_SWIFT_STANDARD_LIBRARIES = YES;
				BUNDLE_LOADER = "$(TEST_HOST)";
				CODE_SIGN_STYLE = Automatic;
				INFOPLIST_FILE = MusicByLocationTests/Info.plist;
				IPHONEOS_DEPLOYMENT_TARGET = 14.0;
				LD_RUNPATH_SEARCH_PATHS = (
					"$(inherited)",
					"@executable_path/Frameworks",
					"@loader_path/Frameworks",
				);
				PRODUCT_BUNDLE_IDENTIFIER = com.maxkrefting.MusicByLocationTests;
				PRODUCT_NAME = "$(TARGET_NAME)";
				SWIFT_VERSION = 5.0;
				TARGETED_DEVICE_FAMILY = "1,2";
				TEST_HOST = "$(BUILT_PRODUCTS_DIR)/MusicByLocation.app/MusicByLocation";
			};
			name = Debug;
		};
		7649385A2649936D00BD70FE /* Release */ = {
			isa = XCBuildConfiguration;
			buildSettings = {
				ALWAYS_EMBED_SWIFT_STANDARD_LIBRARIES = YES;
				BUNDLE_LOADER = "$(TEST_HOST)";
				CODE_SIGN_STYLE = Automatic;
				INFOPLIST_FILE = MusicByLocationTests/Info.plist;
				IPHONEOS_DEPLOYMENT_TARGET = 14.0;
				LD_RUNPATH_SEARCH_PATHS = (
					"$(inherited)",
					"@executable_path/Frameworks",
					"@loader_path/Frameworks",
				);
				PRODUCT_BUNDLE_IDENTIFIER = com.maxkrefting.MusicByLocationTests;
				PRODUCT_NAME = "$(TARGET_NAME)";
				SWIFT_VERSION = 5.0;
				TARGETED_DEVICE_FAMILY = "1,2";
				TEST_HOST = "$(BUILT_PRODUCTS_DIR)/MusicByLocation.app/MusicByLocation";
			};
			name = Release;
		};
		7649385C2649936D00BD70FE /* Debug */ = {
			isa = XCBuildConfiguration;
			buildSettings = {
				ALWAYS_EMBED_SWIFT_STANDARD_LIBRARIES = YES;
				CODE_SIGN_STYLE = Automatic;
				INFOPLIST_FILE = MusicByLocationUITests/Info.plist;
				LD_RUNPATH_SEARCH_PATHS = (
					"$(inherited)",
					"@executable_path/Frameworks",
					"@loader_path/Frameworks",
				);
				PRODUCT_BUNDLE_IDENTIFIER = com.maxkrefting.MusicByLocationUITests;
				PRODUCT_NAME = "$(TARGET_NAME)";
				SWIFT_VERSION = 5.0;
				TARGETED_DEVICE_FAMILY = "1,2";
				TEST_TARGET_NAME = MusicByLocation;
			};
			name = Debug;
		};
		7649385D2649936D00BD70FE /* Release */ = {
			isa = XCBuildConfiguration;
			buildSettings = {
				ALWAYS_EMBED_SWIFT_STANDARD_LIBRARIES = YES;
				CODE_SIGN_STYLE = Automatic;
				INFOPLIST_FILE = MusicByLocationUITests/Info.plist;
				LD_RUNPATH_SEARCH_PATHS = (
					"$(inherited)",
					"@executable_path/Frameworks",
					"@loader_path/Frameworks",
				);
				PRODUCT_BUNDLE_IDENTIFIER = com.maxkrefting.MusicByLocationUITests;
				PRODUCT_NAME = "$(TARGET_NAME)";
				SWIFT_VERSION = 5.0;
				TARGETED_DEVICE_FAMILY = "1,2";
				TEST_TARGET_NAME = MusicByLocation;
			};
			name = Release;
		};
/* End XCBuildConfiguration section */

/* Begin XCConfigurationList section */
		7649382B2649936C00BD70FE /* Build configuration list for PBXProject "MusicByLocation" */ = {
			isa = XCConfigurationList;
			buildConfigurations = (
				764938532649936D00BD70FE /* Debug */,
				764938542649936D00BD70FE /* Release */,
			);
			defaultConfigurationIsVisible = 0;
			defaultConfigurationName = Release;
		};
		764938552649936D00BD70FE /* Build configuration list for PBXNativeTarget "MusicByLocation" */ = {
			isa = XCConfigurationList;
			buildConfigurations = (
				764938562649936D00BD70FE /* Debug */,
				764938572649936D00BD70FE /* Release */,
			);
			defaultConfigurationIsVisible = 0;
			defaultConfigurationName = Release;
		};
		764938582649936D00BD70FE /* Build configuration list for PBXNativeTarget "MusicByLocationTests" */ = {
			isa = XCConfigurationList;
			buildConfigurations = (
				764938592649936D00BD70FE /* Debug */,
				7649385A2649936D00BD70FE /* Release */,
			);
			defaultConfigurationIsVisible = 0;
			defaultConfigurationName = Release;
		};
		7649385B2649936D00BD70FE /* Build configuration list for PBXNativeTarget "MusicByLocationUITests" */ = {
			isa = XCConfigurationList;
			buildConfigurations = (
				7649385C2649936D00BD70FE /* Debug */,
				7649385D2649936D00BD70FE /* Release */,
			);
			defaultConfigurationIsVisible = 0;
			defaultConfigurationName = Release;
		};
/* End XCConfigurationList section */
	};
	rootObject = 764938282649936C00BD70FE /* Project object */;
}
